
Microsoft Visual Studio Solution File, Format Version 12.00
# Visual Studio Version 16
VisualStudioVersion = 16.0.31424.327
MinimumVisualStudioVersion = 10.0.40219.1
Project("{FAE04EC0-301F-11D3-BF4B-00C04F79EFBC}") = "6PartAssignment", "6PartAssignment.csproj", "{A3AADFFE-B3B5-4D45-943E-3EBEFC208576}"
EndProject
Global
	GlobalSection(SolutionConfigurationPlatforms) = preSolution
		Debug|Any CPU = Debug|Any CPU
		Release|Any CPU = Release|Any CPU
	EndGlobalSection
	GlobalSection(ProjectConfigurationPlatforms) = postSolution
		{A3AADFFE-B3B5-4D45-943E-3EBEFC208576}.Debug|Any CPU.ActiveCfg = Debug|Any CPU
		{A3AADFFE-B3B5-4D45-943E-3EBEFC208576}.Debug|Any CPU.Build.0 = Debug|Any CPU
		{A3AADFFE-B3B5-4D45-943E-3EBEFC208576}.Release|Any CPU.ActiveCfg = Release|Any CPU
		{A3AADFFE-B3B5-4D45-943E-3EBEFC208576}.Release|Any CPU.Build.0 = Release|Any CPU
	EndGlobalSection
	GlobalSection(SolutionProperties) = preSolution
		HideSolutionNode = FALSE
	EndGlobalSection
	GlobalSection(ExtensibilityGlobals) = postSolution
		SolutionGuid = {9F810C8D-E86C-44E3-94D2-1730D5ADEB74}
	EndGlobalSection
EndGlobal
