
Microsoft Visual Studio Solution File, Format Version 12.00
# Visual Studio Version 16
VisualStudioVersion = 16.0.31605.320
MinimumVisualStudioVersion = 10.0.40219.1
Project("{FAE04EC0-301F-11D3-BF4B-00C04F79EFBC}") = "CallingMethods", "CallingMethods.csproj", "{7375B883-C6C5-491E-A1AC-9DE3E43A6D1C}"
EndProject
Global
	GlobalSection(SolutionConfigurationPlatforms) = preSolution
		Debug|Any CPU = Debug|Any CPU
		Release|Any CPU = Release|Any CPU
	EndGlobalSection
	GlobalSection(ProjectConfigurationPlatforms) = postSolution
		{7375B883-C6C5-491E-A1AC-9DE3E43A6D1C}.Debug|Any CPU.ActiveCfg = Debug|Any CPU
		{7375B883-C6C5-491E-A1AC-9DE3E43A6D1C}.Debug|Any CPU.Build.0 = Debug|Any CPU
		{7375B883-C6C5-491E-A1AC-9DE3E43A6D1C}.Release|Any CPU.ActiveCfg = Release|Any CPU
		{7375B883-C6C5-491E-A1AC-9DE3E43A6D1C}.Release|Any CPU.Build.0 = Release|Any CPU
	EndGlobalSection
	GlobalSection(SolutionProperties) = preSolution
		HideSolutionNode = FALSE
	EndGlobalSection
	GlobalSection(ExtensibilityGlobals) = postSolution
		SolutionGuid = {273202D6-523F-48F4-8407-6A1C89EF2A33}
	EndGlobalSection
EndGlobal
