
Microsoft Visual Studio Solution File, Format Version 12.00
# Visual Studio Version 16
VisualStudioVersion = 16.0.31515.178
MinimumVisualStudioVersion = 10.0.40219.1
Project("{FAE04EC0-301F-11D3-BF4B-00C04F79EFBC}") = "ConsoleAppListDivision", "ConsoleAppListDivision.csproj", "{92FF838B-E461-4C16-B454-CC937142E102}"
EndProject
Global
	GlobalSection(SolutionConfigurationPlatforms) = preSolution
		Debug|Any CPU = Debug|Any CPU
		Release|Any CPU = Release|Any CPU
	EndGlobalSection
	GlobalSection(ProjectConfigurationPlatforms) = postSolution
		{92FF838B-E461-4C16-B454-CC937142E102}.Debug|Any CPU.ActiveCfg = Debug|Any CPU
		{92FF838B-E461-4C16-B454-CC937142E102}.Debug|Any CPU.Build.0 = Debug|Any CPU
		{92FF838B-E461-4C16-B454-CC937142E102}.Release|Any CPU.ActiveCfg = Release|Any CPU
		{92FF838B-E461-4C16-B454-CC937142E102}.Release|Any CPU.Build.0 = Release|Any CPU
	EndGlobalSection
	GlobalSection(SolutionProperties) = preSolution
		HideSolutionNode = FALSE
	EndGlobalSection
	GlobalSection(ExtensibilityGlobals) = postSolution
		SolutionGuid = {0CCD8D0B-A92E-4DDE-9828-4C11518783EF}
	EndGlobalSection
EndGlobal
