
Microsoft Visual Studio Solution File, Format Version 12.00
# Visual Studio Version 16
VisualStudioVersion = 16.0.31702.278
MinimumVisualStudioVersion = 10.0.40219.1
Project("{FAE04EC0-301F-11D3-BF4B-00C04F79EFBC}") = "AbstractClass", "AbstractClass.csproj", "{ADED7327-4482-4071-A9DC-52049AB00878}"
EndProject
Global
	GlobalSection(SolutionConfigurationPlatforms) = preSolution
		Debug|Any CPU = Debug|Any CPU
		Release|Any CPU = Release|Any CPU
	EndGlobalSection
	GlobalSection(ProjectConfigurationPlatforms) = postSolution
		{ADED7327-4482-4071-A9DC-52049AB00878}.Debug|Any CPU.ActiveCfg = Debug|Any CPU
		{ADED7327-4482-4071-A9DC-52049AB00878}.Debug|Any CPU.Build.0 = Debug|Any CPU
		{ADED7327-4482-4071-A9DC-52049AB00878}.Release|Any CPU.ActiveCfg = Release|Any CPU
		{ADED7327-4482-4071-A9DC-52049AB00878}.Release|Any CPU.Build.0 = Release|Any CPU
	EndGlobalSection
	GlobalSection(SolutionProperties) = preSolution
		HideSolutionNode = FALSE
	EndGlobalSection
	GlobalSection(ExtensibilityGlobals) = postSolution
		SolutionGuid = {58C3264B-52B1-4765-8A41-2170A2B5D2C2}
	EndGlobalSection
EndGlobal
